// !$*UTF8*$!
{
	archiveVersion = 1;
	classes = {
	};
	objectVersion = 55;
	objects = {

/* Begin PBXBuildFile section */
		5537919228769810001587D3 /* AppDelegate.swift in Sources */ = {isa = PBXBuildFile; fileRef = 5537919128769810001587D3 /* AppDelegate.swift */; };
		5537919428769810001587D3 /* SceneDelegate.swift in Sources */ = {isa = PBXBuildFile; fileRef = 5537919328769810001587D3 /* SceneDelegate.swift */; };
		5537919928769810001587D3 /* Main.storyboard in Resources */ = {isa = PBXBuildFile; fileRef = 5537919728769810001587D3 /* Main.storyboard */; };
		5537919B28769811001587D3 /* Assets.xcassets in Resources */ = {isa = PBXBuildFile; fileRef = 5537919A28769811001587D3 /* Assets.xcassets */; };
		5537919E28769811001587D3 /* LaunchScreen.storyboard in Resources */ = {isa = PBXBuildFile; fileRef = 5537919C28769811001587D3 /* LaunchScreen.storyboard */; };
		553791A72876985F001587D3 /* ToDo.swift in Sources */ = {isa = PBXBuildFile; fileRef = 553791A62876985F001587D3 /* ToDo.swift */; };
		553791AC28769B8F001587D3 /* ToDoTableViewController.swift in Sources */ = {isa = PBXBuildFile; fileRef = 553791AB28769B8F001587D3 /* ToDoTableViewController.swift */; };
		553791AE28769BA5001587D3 /* ToDoItemTableViewController.swift in Sources */ = {isa = PBXBuildFile; fileRef = 553791AD28769BA5001587D3 /* ToDoItemTableViewController.swift */; };
		553791B12876A453001587D3 /* ToDoCell.swift in Sources */ = {isa = PBXBuildFile; fileRef = 553791B02876A453001587D3 /* ToDoCell.swift */; };
		558280EE287889D80031E407 /* Screenshot07.png in Resources */ = {isa = PBXBuildFile; fileRef = 558280ED287889D80031E407 /* Screenshot07.png */; };
		55D614B02876BE2F005D2B9D /* String+Extension.swift in Sources */ = {isa = PBXBuildFile; fileRef = 55D614AF2876BE2F005D2B9D /* String+Extension.swift */; };
		55D614B22876C062005D2B9D /* Date+Extention.swift in Sources */ = {isa = PBXBuildFile; fileRef = 55D614B12876C062005D2B9D /* Date+Extention.swift */; };
		55D614B42876DD37005D2B9D /* TextFieldCell.swift in Sources */ = {isa = PBXBuildFile; fileRef = 55D614B32876DD37005D2B9D /* TextFieldCell.swift */; };
		55D614B62876DF4A005D2B9D /* SwitchCell.swift in Sources */ = {isa = PBXBuildFile; fileRef = 55D614B52876DF4A005D2B9D /* SwitchCell.swift */; };
		55D614B82876DF8A005D2B9D /* DateCell.swift in Sources */ = {isa = PBXBuildFile; fileRef = 55D614B72876DF8A005D2B9D /* DateCell.swift */; };
		55D614BA2876DFB4005D2B9D /* DatePickerCell.swift in Sources */ = {isa = PBXBuildFile; fileRef = 55D614B92876DFB4005D2B9D /* DatePickerCell.swift */; };
		55D614BC2876E00A005D2B9D /* ImageCell.swift in Sources */ = {isa = PBXBuildFile; fileRef = 55D614BB2876E00A005D2B9D /* ImageCell.swift */; };
		55D614BF2876F7C0005D2B9D /* SectionDatePicker.swift in Sources */ = {isa = PBXBuildFile; fileRef = 55D614BE2876F7C0005D2B9D /* SectionDatePicker.swift */; };
		55D614C12876F839005D2B9D /* SectionImagePickerController.swift in Sources */ = {isa = PBXBuildFile; fileRef = 55D614C02876F839005D2B9D /* SectionImagePickerController.swift */; };
		55D614C32876F86F005D2B9D /* SectionSwitch.swift in Sources */ = {isa = PBXBuildFile; fileRef = 55D614C22876F86F005D2B9D /* SectionSwitch.swift */; };
		55D614C52876F8B8005D2B9D /* SectionTextField.swift in Sources */ = {isa = PBXBuildFile; fileRef = 55D614C42876F8B8005D2B9D /* SectionTextField.swift */; };
		55D614C82878220E005D2B9D /* DataManager.swift in Sources */ = {isa = PBXBuildFile; fileRef = 55D614C72878220E005D2B9D /* DataManager.swift */; };
		55D614D028784131005D2B9D /* Screenshot04.png in Resources */ = {isa = PBXBuildFile; fileRef = 55D614CA28784131005D2B9D /* Screenshot04.png */; };
		55D614D128784131005D2B9D /* Screenshot05.png in Resources */ = {isa = PBXBuildFile; fileRef = 55D614CB28784131005D2B9D /* Screenshot05.png */; };
		55D614D228784131005D2B9D /* Screenshot06.png in Resources */ = {isa = PBXBuildFile; fileRef = 55D614CC28784131005D2B9D /* Screenshot06.png */; };
		55D614D328784131005D2B9D /* Screenshot02.png in Resources */ = {isa = PBXBuildFile; fileRef = 55D614CD28784131005D2B9D /* Screenshot02.png */; };
		55D614D428784131005D2B9D /* Screenshot03.png in Resources */ = {isa = PBXBuildFile; fileRef = 55D614CE28784131005D2B9D /* Screenshot03.png */; };
		55D614D528784131005D2B9D /* Screenshot01.png in Resources */ = {isa = PBXBuildFile; fileRef = 55D614CF28784131005D2B9D /* Screenshot01.png */; };
/* End PBXBuildFile section */

/* Begin PBXFileReference section */
		5537918E28769810001587D3 /* To Do List.app */ = {isa = PBXFileReference; explicitFileType = wrapper.application; includeInIndex = 0; path = "To Do List.app"; sourceTree = BUILT_PRODUCTS_DIR; };
		5537919128769810001587D3 /* AppDelegate.swift */ = {isa = PBXFileReference; lastKnownFileType = sourcecode.swift; path = AppDelegate.swift; sourceTree = "<group>"; };
		5537919328769810001587D3 /* SceneDelegate.swift */ = {isa = PBXFileReference; lastKnownFileType = sourcecode.swift; path = SceneDelegate.swift; sourceTree = "<group>"; };
		5537919828769810001587D3 /* Base */ = {isa = PBXFileReference; lastKnownFileType = file.storyboard; name = Base; path = Base.lproj/Main.storyboard; sourceTree = "<group>"; };
		5537919A28769811001587D3 /* Assets.xcassets */ = {isa = PBXFileReference; lastKnownFileType = folder.assetcatalog; path = Assets.xcassets; sourceTree = "<group>"; };
		5537919D28769811001587D3 /* Base */ = {isa = PBXFileReference; lastKnownFileType = file.storyboard; name = Base; path = Base.lproj/LaunchScreen.storyboard; sourceTree = "<group>"; };
		5537919F28769811001587D3 /* Info.plist */ = {isa = PBXFileReference; lastKnownFileType = text.plist.xml; path = Info.plist; sourceTree = "<group>"; };
		553791A62876985F001587D3 /* ToDo.swift */ = {isa = PBXFileReference; lastKnownFileType = sourcecode.swift; path = ToDo.swift; sourceTree = "<group>"; };
		553791AB28769B8F001587D3 /* ToDoTableViewController.swift */ = {isa = PBXFileReference; lastKnownFileType = sourcecode.swift; path = ToDoTableViewController.swift; sourceTree = "<group>"; };
		553791AD28769BA5001587D3 /* ToDoItemTableViewController.swift */ = {isa = PBXFileReference; lastKnownFileType = sourcecode.swift; path = ToDoItemTableViewController.swift; sourceTree = "<group>"; };
		553791B02876A453001587D3 /* ToDoCell.swift */ = {isa = PBXFileReference; lastKnownFileType = sourcecode.swift; path = ToDoCell.swift; sourceTree = "<group>"; };
		558280ED287889D80031E407 /* Screenshot07.png */ = {isa = PBXFileReference; lastKnownFileType = image.png; path = Screenshot07.png; sourceTree = "<group>"; };
		55D614AF2876BE2F005D2B9D /* String+Extension.swift */ = {isa = PBXFileReference; lastKnownFileType = sourcecode.swift; path = "String+Extension.swift"; sourceTree = "<group>"; };
		55D614B12876C062005D2B9D /* Date+Extention.swift */ = {isa = PBXFileReference; lastKnownFileType = sourcecode.swift; path = "Date+Extention.swift"; sourceTree = "<group>"; };
		55D614B32876DD37005D2B9D /* TextFieldCell.swift */ = {isa = PBXFileReference; lastKnownFileType = sourcecode.swift; path = TextFieldCell.swift; sourceTree = "<group>"; };
		55D614B52876DF4A005D2B9D /* SwitchCell.swift */ = {isa = PBXFileReference; lastKnownFileType = sourcecode.swift; path = SwitchCell.swift; sourceTree = "<group>"; };
		55D614B72876DF8A005D2B9D /* DateCell.swift */ = {isa = PBXFileReference; lastKnownFileType = sourcecode.swift; path = DateCell.swift; sourceTree = "<group>"; };
		55D614B92876DFB4005D2B9D /* DatePickerCell.swift */ = {isa = PBXFileReference; lastKnownFileType = sourcecode.swift; path = DatePickerCell.swift; sourceTree = "<group>"; };
		55D614BB2876E00A005D2B9D /* ImageCell.swift */ = {isa = PBXFileReference; lastKnownFileType = sourcecode.swift; path = ImageCell.swift; sourceTree = "<group>"; };
		55D614BE2876F7C0005D2B9D /* SectionDatePicker.swift */ = {isa = PBXFileReference; lastKnownFileType = sourcecode.swift; path = SectionDatePicker.swift; sourceTree = "<group>"; };
		55D614C02876F839005D2B9D /* SectionImagePickerController.swift */ = {isa = PBXFileReference; lastKnownFileType = sourcecode.swift; path = SectionImagePickerController.swift; sourceTree = "<group>"; };
		55D614C22876F86F005D2B9D /* SectionSwitch.swift */ = {isa = PBXFileReference; lastKnownFileType = sourcecode.swift; path = SectionSwitch.swift; sourceTree = "<group>"; };
		55D614C42876F8B8005D2B9D /* SectionTextField.swift */ = {isa = PBXFileReference; lastKnownFileType = sourcecode.swift; path = SectionTextField.swift; sourceTree = "<group>"; };
		55D614C72878220E005D2B9D /* DataManager.swift */ = {isa = PBXFileReference; lastKnownFileType = sourcecode.swift; path = DataManager.swift; sourceTree = "<group>"; };
		55D614CA28784131005D2B9D /* Screenshot04.png */ = {isa = PBXFileReference; lastKnownFileType = image.png; path = Screenshot04.png; sourceTree = "<group>"; };
		55D614CB28784131005D2B9D /* Screenshot05.png */ = {isa = PBXFileReference; lastKnownFileType = image.png; path = Screenshot05.png; sourceTree = "<group>"; };
		55D614CC28784131005D2B9D /* Screenshot06.png */ = {isa = PBXFileReference; lastKnownFileType = image.png; path = Screenshot06.png; sourceTree = "<group>"; };
		55D614CD28784131005D2B9D /* Screenshot02.png */ = {isa = PBXFileReference; lastKnownFileType = image.png; path = Screenshot02.png; sourceTree = "<group>"; };
		55D614CE28784131005D2B9D /* Screenshot03.png */ = {isa = PBXFileReference; lastKnownFileType = image.png; path = Screenshot03.png; sourceTree = "<group>"; };
		55D614CF28784131005D2B9D /* Screenshot01.png */ = {isa = PBXFileReference; lastKnownFileType = image.png; path = Screenshot01.png; sourceTree = "<group>"; };
/* End PBXFileReference section */

/* Begin PBXFrameworksBuildPhase section */
		5537918B28769810001587D3 /* Frameworks */ = {
			isa = PBXFrameworksBuildPhase;
			buildActionMask = 2147483647;
			files = (
			);
			runOnlyForDeploymentPostprocessing = 0;
		};
/* End PBXFrameworksBuildPhase section */

/* Begin PBXGroup section */
		5537918528769810001587D3 = {
			isa = PBXGroup;
			children = (
				5537919028769810001587D3 /* To Do List */,
				5537918F28769810001587D3 /* Products */,
			);
			sourceTree = "<group>";
		};
		5537918F28769810001587D3 /* Products */ = {
			isa = PBXGroup;
			children = (
				5537918E28769810001587D3 /* To Do List.app */,
			);
			name = Products;
			sourceTree = "<group>";
		};
		5537919028769810001587D3 /* To Do List */ = {
			isa = PBXGroup;
			children = (
				55D614C928784131005D2B9D /* Screenshots */,
				553791A828769A66001587D3 /* App */,
				553791AF2876A424001587D3 /* Cells */,
				55D614AE2876BE13005D2B9D /* Extensions */,
				55D614C6287821FE005D2B9D /* Manager */,
				553791A528769842001587D3 /* Models */,
				553791A928769A79001587D3 /* Storeboards */,
				55D614BD2876F752005D2B9D /* View */,
				553791AA28769A85001587D3 /* View Controllers */,
			);
			path = "To Do List";
			sourceTree = "<group>";
		};
		553791A528769842001587D3 /* Models */ = {
			isa = PBXGroup;
			children = (
				553791A62876985F001587D3 /* ToDo.swift */,
			);
			path = Models;
			sourceTree = "<group>";
		};
		553791A828769A66001587D3 /* App */ = {
			isa = PBXGroup;
			children = (
				5537919128769810001587D3 /* AppDelegate.swift */,
				5537919A28769811001587D3 /* Assets.xcassets */,
				5537919F28769811001587D3 /* Info.plist */,
				5537919328769810001587D3 /* SceneDelegate.swift */,
			);
			path = App;
			sourceTree = "<group>";
		};
		553791A928769A79001587D3 /* Storeboards */ = {
			isa = PBXGroup;
			children = (
				5537919C28769811001587D3 /* LaunchScreen.storyboard */,
				5537919728769810001587D3 /* Main.storyboard */,
			);
			path = Storeboards;
			sourceTree = "<group>";
		};
		553791AA28769A85001587D3 /* View Controllers */ = {
			isa = PBXGroup;
			children = (
				553791AB28769B8F001587D3 /* ToDoTableViewController.swift */,
				553791AD28769BA5001587D3 /* ToDoItemTableViewController.swift */,
			);
			path = "View Controllers";
			sourceTree = "<group>";
		};
		553791AF2876A424001587D3 /* Cells */ = {
			isa = PBXGroup;
			children = (
				553791B02876A453001587D3 /* ToDoCell.swift */,
				55D614B32876DD37005D2B9D /* TextFieldCell.swift */,
				55D614B72876DF8A005D2B9D /* DateCell.swift */,
				55D614B92876DFB4005D2B9D /* DatePickerCell.swift */,
				55D614BB2876E00A005D2B9D /* ImageCell.swift */,
				55D614B52876DF4A005D2B9D /* SwitchCell.swift */,
			);
			path = Cells;
			sourceTree = "<group>";
		};
		55D614AE2876BE13005D2B9D /* Extensions */ = {
			isa = PBXGroup;
			children = (
				55D614AF2876BE2F005D2B9D /* String+Extension.swift */,
				55D614B12876C062005D2B9D /* Date+Extention.swift */,
			);
			path = Extensions;
			sourceTree = "<group>";
		};
		55D614BD2876F752005D2B9D /* View */ = {
			isa = PBXGroup;
			children = (
				55D614BE2876F7C0005D2B9D /* SectionDatePicker.swift */,
				55D614C02876F839005D2B9D /* SectionImagePickerController.swift */,
				55D614C22876F86F005D2B9D /* SectionSwitch.swift */,
				55D614C42876F8B8005D2B9D /* SectionTextField.swift */,
			);
			path = View;
			sourceTree = "<group>";
		};
		55D614C6287821FE005D2B9D /* Manager */ = {
			isa = PBXGroup;
			children = (
				55D614C72878220E005D2B9D /* DataManager.swift */,
			);
			path = Manager;
			sourceTree = "<group>";
		};
		55D614C928784131005D2B9D /* Screenshots */ = {
			isa = PBXGroup;
			children = (
				55D614CF28784131005D2B9D /* Screenshot01.png */,
				55D614CD28784131005D2B9D /* Screenshot02.png */,
				55D614CE28784131005D2B9D /* Screenshot03.png */,
				55D614CA28784131005D2B9D /* Screenshot04.png */,
				55D614CB28784131005D2B9D /* Screenshot05.png */,
				55D614CC28784131005D2B9D /* Screenshot06.png */,
				558280ED287889D80031E407 /* Screenshot07.png */,
			);
			path = Screenshots;
			sourceTree = "<group>";
		};
/* End PBXGroup section */

/* Begin PBXNativeTarget section */
		5537918D28769810001587D3 /* To Do List */ = {
			isa = PBXNativeTarget;
			buildConfigurationList = 553791A228769811001587D3 /* Build configuration list for PBXNativeTarget "To Do List" */;
			buildPhases = (
				5537918A28769810001587D3 /* Sources */,
				5537918B28769810001587D3 /* Frameworks */,
				5537918C28769810001587D3 /* Resources */,
			);
			buildRules = (
			);
			dependencies = (
			);
			name = "To Do List";
			productName = "To Do List";
			productReference = 5537918E28769810001587D3 /* To Do List.app */;
			productType = "com.apple.product-type.application";
		};
/* End PBXNativeTarget section */

/* Begin PBXProject section */
		5537918628769810001587D3 /* Project object */ = {
			isa = PBXProject;
			attributes = {
				BuildIndependentTargetsInParallel = 1;
				LastSwiftUpdateCheck = 1330;
				LastUpgradeCheck = 1330;
				TargetAttributes = {
					5537918D28769810001587D3 = {
						CreatedOnToolsVersion = 13.3.1;
					};
				};
			};
			buildConfigurationList = 5537918928769810001587D3 /* Build configuration list for PBXProject "To Do List" */;
			compatibilityVersion = "Xcode 13.0";
			developmentRegion = en;
			hasScannedForEncodings = 0;
			knownRegions = (
				en,
				Base,
			);
			mainGroup = 5537918528769810001587D3;
			productRefGroup = 5537918F28769810001587D3 /* Products */;
			projectDirPath = "";
			projectRoot = "";
			targets = (
				5537918D28769810001587D3 /* To Do List */,
			);
		};
/* End PBXProject section */

/* Begin PBXResourcesBuildPhase section */
		5537918C28769810001587D3 /* Resources */ = {
			isa = PBXResourcesBuildPhase;
			buildActionMask = 2147483647;
			files = (
				5537919E28769811001587D3 /* LaunchScreen.storyboard in Resources */,
				55D614D028784131005D2B9D /* Screenshot04.png in Resources */,
				5537919B28769811001587D3 /* Assets.xcassets in Resources */,
				55D614D128784131005D2B9D /* Screenshot05.png in Resources */,
				558280EE287889D80031E407 /* Screenshot07.png in Resources */,
				55D614D428784131005D2B9D /* Screenshot03.png in Resources */,
				55D614D528784131005D2B9D /* Screenshot01.png in Resources */,
				55D614D328784131005D2B9D /* Screenshot02.png in Resources */,
				5537919928769810001587D3 /* Main.storyboard in Resources */,
				55D614D228784131005D2B9D /* Screenshot06.png in Resources */,
			);
			runOnlyForDeploymentPostprocessing = 0;
		};
/* End PBXResourcesBuildPhase section */

/* Begin PBXSourcesBuildPhase section */
		5537918A28769810001587D3 /* Sources */ = {
			isa = PBXSourcesBuildPhase;
			buildActionMask = 2147483647;
			files = (
				5537919228769810001587D3 /* AppDelegate.swift in Sources */,
				55D614B82876DF8A005D2B9D /* DateCell.swift in Sources */,
				55D614B02876BE2F005D2B9D /* String+Extension.swift in Sources */,
				55D614BA2876DFB4005D2B9D /* DatePickerCell.swift in Sources */,
				553791B12876A453001587D3 /* ToDoCell.swift in Sources */,
				55D614C52876F8B8005D2B9D /* SectionTextField.swift in Sources */,
				55D614C32876F86F005D2B9D /* SectionSwitch.swift in Sources */,
				55D614C82878220E005D2B9D /* DataManager.swift in Sources */,
				553791AC28769B8F001587D3 /* ToDoTableViewController.swift in Sources */,
				55D614C12876F839005D2B9D /* SectionImagePickerController.swift in Sources */,
				553791AE28769BA5001587D3 /* ToDoItemTableViewController.swift in Sources */,
				55D614B42876DD37005D2B9D /* TextFieldCell.swift in Sources */,
				5537919428769810001587D3 /* SceneDelegate.swift in Sources */,
				55D614B22876C062005D2B9D /* Date+Extention.swift in Sources */,
				553791A72876985F001587D3 /* ToDo.swift in Sources */,
				55D614B62876DF4A005D2B9D /* SwitchCell.swift in Sources */,
				55D614BC2876E00A005D2B9D /* ImageCell.swift in Sources */,
				55D614BF2876F7C0005D2B9D /* SectionDatePicker.swift in Sources */,
			);
			runOnlyForDeploymentPostprocessing = 0;
		};
/* End PBXSourcesBuildPhase section */

/* Begin PBXVariantGroup section */
		5537919728769810001587D3 /* Main.storyboard */ = {
			isa = PBXVariantGroup;
			children = (
				5537919828769810001587D3 /* Base */,
			);
			name = Main.storyboard;
			sourceTree = "<group>";
		};
		5537919C28769811001587D3 /* LaunchScreen.storyboard */ = {
			isa = PBXVariantGroup;
			children = (
				5537919D28769811001587D3 /* Base */,
			);
			name = LaunchScreen.storyboard;
			sourceTree = "<group>";
		};
/* End PBXVariantGroup section */

/* Begin XCBuildConfiguration section */
		553791A028769811001587D3 /* Debug */ = {
			isa = XCBuildConfiguration;
			buildSettings = {
				ALWAYS_SEARCH_USER_PATHS = NO;
				CLANG_ANALYZER_NONNULL = YES;
				CLANG_ANALYZER_NUMBER_OBJECT_CONVERSION = YES_AGGRESSIVE;
				CLANG_CXX_LANGUAGE_STANDARD = "gnu++17";
				CLANG_ENABLE_MODULES = YES;
				CLANG_ENABLE_OBJC_ARC = YES;
				CLANG_ENABLE_OBJC_WEAK = YES;
				CLANG_WARN_BLOCK_CAPTURE_AUTORELEASING = YES;
				CLANG_WARN_BOOL_CONVERSION = YES;
				CLANG_WARN_COMMA = YES;
				CLANG_WARN_CONSTANT_CONVERSION = YES;
				CLANG_WARN_DEPRECATED_OBJC_IMPLEMENTATIONS = YES;
				CLANG_WARN_DIRECT_OBJC_ISA_USAGE = YES_ERROR;
				CLANG_WARN_DOCUMENTATION_COMMENTS = YES;
				CLANG_WARN_EMPTY_BODY = YES;
				CLANG_WARN_ENUM_CONVERSION = YES;
				CLANG_WARN_INFINITE_RECURSION = YES;
				CLANG_WARN_INT_CONVERSION = YES;
				CLANG_WARN_NON_LITERAL_NULL_CONVERSION = YES;
				CLANG_WARN_OBJC_IMPLICIT_RETAIN_SELF = YES;
				CLANG_WARN_OBJC_LITERAL_CONVERSION = YES;
				CLANG_WARN_OBJC_ROOT_CLASS = YES_ERROR;
				CLANG_WARN_QUOTED_INCLUDE_IN_FRAMEWORK_HEADER = YES;
				CLANG_WARN_RANGE_LOOP_ANALYSIS = YES;
				CLANG_WARN_STRICT_PROTOTYPES = YES;
				CLANG_WARN_SUSPICIOUS_MOVE = YES;
				CLANG_WARN_UNGUARDED_AVAILABILITY = YES_AGGRESSIVE;
				CLANG_WARN_UNREACHABLE_CODE = YES;
				CLANG_WARN__DUPLICATE_METHOD_MATCH = YES;
				COPY_PHASE_STRIP = NO;
				DEBUG_INFORMATION_FORMAT = dwarf;
				ENABLE_STRICT_OBJC_MSGSEND = YES;
				ENABLE_TESTABILITY = YES;
				GCC_C_LANGUAGE_STANDARD = gnu11;
				GCC_DYNAMIC_NO_PIC = NO;
				GCC_NO_COMMON_BLOCKS = YES;
				GCC_OPTIMIZATION_LEVEL = 0;
				GCC_PREPROCESSOR_DEFINITIONS = (
					"DEBUG=1",
					"$(inherited)",
				);
				GCC_WARN_64_TO_32_BIT_CONVERSION = YES;
				GCC_WARN_ABOUT_RETURN_TYPE = YES_ERROR;
				GCC_WARN_UNDECLARED_SELECTOR = YES;
				GCC_WARN_UNINITIALIZED_AUTOS = YES_AGGRESSIVE;
				GCC_WARN_UNUSED_FUNCTION = YES;
				GCC_WARN_UNUSED_VARIABLE = YES;
				IPHONEOS_DEPLOYMENT_TARGET = 15.4;
				MTL_ENABLE_DEBUG_INFO = INCLUDE_SOURCE;
				MTL_FAST_MATH = YES;
				ONLY_ACTIVE_ARCH = YES;
				SDKROOT = iphoneos;
				SWIFT_ACTIVE_COMPILATION_CONDITIONS = DEBUG;
				SWIFT_OPTIMIZATION_LEVEL = "-Onone";
			};
			name = Debug;
		};
		553791A128769811001587D3 /* Release */ = {
			isa = XCBuildConfiguration;
			buildSettings = {
				ALWAYS_SEARCH_USER_PATHS = NO;
				CLANG_ANALYZER_NONNULL = YES;
				CLANG_ANALYZER_NUMBER_OBJECT_CONVERSION = YES_AGGRESSIVE;
				CLANG_CXX_LANGUAGE_STANDARD = "gnu++17";
				CLANG_ENABLE_MODULES = YES;
				CLANG_ENABLE_OBJC_ARC = YES;
				CLANG_ENABLE_OBJC_WEAK = YES;
				CLANG_WARN_BLOCK_CAPTURE_AUTORELEASING = YES;
				CLANG_WARN_BOOL_CONVERSION = YES;
				CLANG_WARN_COMMA = YES;
				CLANG_WARN_CONSTANT_CONVERSION = YES;
				CLANG_WARN_DEPRECATED_OBJC_IMPLEMENTATIONS = YES;
				CLANG_WARN_DIRECT_OBJC_ISA_USAGE = YES_ERROR;
				CLANG_WARN_DOCUMENTATION_COMMENTS = YES;
				CLANG_WARN_EMPTY_BODY = YES;
				CLANG_WARN_ENUM_CONVERSION = YES;
				CLANG_WARN_INFINITE_RECURSION = YES;
				CLANG_WARN_INT_CONVERSION = YES;
				CLANG_WARN_NON_LITERAL_NULL_CONVERSION = YES;
				CLANG_WARN_OBJC_IMPLICIT_RETAIN_SELF = YES;
				CLANG_WARN_OBJC_LITERAL_CONVERSION = YES;
				CLANG_WARN_OBJC_ROOT_CLASS = YES_ERROR;
				CLANG_WARN_QUOTED_INCLUDE_IN_FRAMEWORK_HEADER = YES;
				CLANG_WARN_RANGE_LOOP_ANALYSIS = YES;
				CLANG_WARN_STRICT_PROTOTYPES = YES;
				CLANG_WARN_SUSPICIOUS_MOVE = YES;
				CLANG_WARN_UNGUARDED_AVAILABILITY = YES_AGGRESSIVE;
				CLANG_WARN_UNREACHABLE_CODE = YES;
				CLANG_WARN__DUPLICATE_METHOD_MATCH = YES;
				COPY_PHASE_STRIP = NO;
				DEBUG_INFORMATION_FORMAT = "dwarf-with-dsym";
				ENABLE_NS_ASSERTIONS = NO;
				ENABLE_STRICT_OBJC_MSGSEND = YES;
				GCC_C_LANGUAGE_STANDARD = gnu11;
				GCC_NO_COMMON_BLOCKS = YES;
				GCC_WARN_64_TO_32_BIT_CONVERSION = YES;
				GCC_WARN_ABOUT_RETURN_TYPE = YES_ERROR;
				GCC_WARN_UNDECLARED_SELECTOR = YES;
				GCC_WARN_UNINITIALIZED_AUTOS = YES_AGGRESSIVE;
				GCC_WARN_UNUSED_FUNCTION = YES;
				GCC_WARN_UNUSED_VARIABLE = YES;
				IPHONEOS_DEPLOYMENT_TARGET = 15.4;
				MTL_ENABLE_DEBUG_INFO = NO;
				MTL_FAST_MATH = YES;
				SDKROOT = iphoneos;
				SWIFT_COMPILATION_MODE = wholemodule;
				SWIFT_OPTIMIZATION_LEVEL = "-O";
				VALIDATE_PRODUCT = YES;
			};
			name = Release;
		};
		553791A328769811001587D3 /* Debug */ = {
			isa = XCBuildConfiguration;
			buildSettings = {
				ASSETCATALOG_COMPILER_APPICON_NAME = AppIcon;
				ASSETCATALOG_COMPILER_GLOBAL_ACCENT_COLOR_NAME = AccentColor;
				CODE_SIGN_STYLE = Automatic;
				CURRENT_PROJECT_VERSION = 1;
				DEVELOPMENT_TEAM = 2ZAR2UCDS8;
				GENERATE_INFOPLIST_FILE = YES;
				INFOPLIST_FILE = "To Do List/App/Info.plist";
				INFOPLIST_KEY_UIApplicationSupportsIndirectInputEvents = YES;
				INFOPLIST_KEY_UILaunchStoryboardName = LaunchScreen;
				INFOPLIST_KEY_UIMainStoryboardFile = Main;
				INFOPLIST_KEY_UISupportedInterfaceOrientations_iPad = "UIInterfaceOrientationPortrait UIInterfaceOrientationPortraitUpsideDown UIInterfaceOrientationLandscapeLeft UIInterfaceOrientationLandscapeRight";
				INFOPLIST_KEY_UISupportedInterfaceOrientations_iPhone = "UIInterfaceOrientationPortrait UIInterfaceOrientationLandscapeLeft UIInterfaceOrientationLandscapeRight";
				LD_RUNPATH_SEARCH_PATHS = (
					"$(inherited)",
					"@executable_path/Frameworks",
				);
				MARKETING_VERSION = 1.0;
				PRODUCT_BUNDLE_IDENTIFIER = "ru.komplayer31.To-Do-List";
				PRODUCT_NAME = "$(TARGET_NAME)";
				SWIFT_EMIT_LOC_STRINGS = YES;
				SWIFT_VERSION = 5.0;
				TARGETED_DEVICE_FAMILY = "1,2";
			};
			name = Debug;
		};
		553791A428769811001587D3 /* Release */ = {
			isa = XCBuildConfiguration;
			buildSettings = {
				ASSETCATALOG_COMPILER_APPICON_NAME = AppIcon;
				ASSETCATALOG_COMPILER_GLOBAL_ACCENT_COLOR_NAME = AccentColor;
				CODE_SIGN_STYLE = Automatic;
				CURRENT_PROJECT_VERSION = 1;
				DEVELOPMENT_TEAM = 2ZAR2UCDS8;
				GENERATE_INFOPLIST_FILE = YES;
				INFOPLIST_FILE = "To Do List/App/Info.plist";
				INFOPLIST_KEY_UIApplicationSupportsIndirectInputEvents = YES;
				INFOPLIST_KEY_UILaunchStoryboardName = LaunchScreen;
				INFOPLIST_KEY_UIMainStoryboardFile = Main;
				INFOPLIST_KEY_UISupportedInterfaceOrientations_iPad = "UIInterfaceOrientationPortrait UIInterfaceOrientationPortraitUpsideDown UIInterfaceOrientationLandscapeLeft UIInterfaceOrientationLandscapeRight";
				INFOPLIST_KEY_UISupportedInterfaceOrientations_iPhone = "UIInterfaceOrientationPortrait UIInterfaceOrientationLandscapeLeft UIInterfaceOrientationLandscapeRight";
				LD_RUNPATH_SEARCH_PATHS = (
					"$(inherited)",
					"@executable_path/Frameworks",
				);
				MARKETING_VERSION = 1.0;
				PRODUCT_BUNDLE_IDENTIFIER = "ru.komplayer31.To-Do-List";
				PRODUCT_NAME = "$(TARGET_NAME)";
				SWIFT_EMIT_LOC_STRINGS = YES;
				SWIFT_VERSION = 5.0;
				TARGETED_DEVICE_FAMILY = "1,2";
			};
			name = Release;
		};
/* End XCBuildConfiguration section */

/* Begin XCConfigurationList section */
		5537918928769810001587D3 /* Build configuration list for PBXProject "To Do List" */ = {
			isa = XCConfigurationList;
			buildConfigurations = (
				553791A028769811001587D3 /* Debug */,
				553791A128769811001587D3 /* Release */,
			);
			defaultConfigurationIsVisible = 0;
			defaultConfigurationName = Release;
		};
		553791A228769811001587D3 /* Build configuration list for PBXNativeTarget "To Do List" */ = {
			isa = XCConfigurationList;
			buildConfigurations = (
				553791A328769811001587D3 /* Debug */,
				553791A428769811001587D3 /* Release */,
			);
			defaultConfigurationIsVisible = 0;
			defaultConfigurationName = Release;
		};
/* End XCConfigurationList section */
	};
	rootObject = 5537918628769810001587D3 /* Project object */;
}
